
Microsoft Visual Studio Solution File, Format Version 12.00
# Visual Studio Version 16
VisualStudioVersion = 16.0.31729.503
MinimumVisualStudioVersion = 10.0.40219.1
Project("{FAE04EC0-301F-11D3-BF4B-00C04F79EFBC}") = "OCBC Online Joint Account", "OCBC Online Joint Account\OCBC Online Joint Account.csproj", "{4D66879D-8607-4A73-AEF1-1C42339D4616}"
EndProject
Global
	GlobalSection(SolutionConfigurationPlatforms) = preSolution
		Debug|Any CPU = Debug|Any CPU
		Release|Any CPU = Release|Any CPU
	EndGlobalSection
	GlobalSection(ProjectConfigurationPlatforms) = postSolution
		{4D66879D-8607-4A73-AEF1-1C42339D4616}.Debug|Any CPU.ActiveCfg = Debug|Any CPU
		{4D66879D-8607-4A73-AEF1-1C42339D4616}.Debug|Any CPU.Build.0 = Debug|Any CPU
		{4D66879D-8607-4A73-AEF1-1C42339D4616}.Release|Any CPU.ActiveCfg = Release|Any CPU
		{4D66879D-8607-4A73-AEF1-1C42339D4616}.Release|Any CPU.Build.0 = Release|Any CPU
	EndGlobalSection
	GlobalSection(SolutionProperties) = preSolution
		HideSolutionNode = FALSE
	EndGlobalSection
	GlobalSection(ExtensibilityGlobals) = postSolution
		SolutionGuid = {97863ABC-F2E6-4951-AC21-76D9A79CABB0}
	EndGlobalSection
EndGlobal
